convert:
  cmd: python -m spacy run convert
  script:
    - python scripts/convert.py en assets/sports_topic_training.jsonl corpus/train.spacy
    - python scripts/convert.py en assets/sports_topic_eval.jsonl corpus/dev.spacy
  deps:
    - path: assets/sports_topic_training.jsonl
      md5: 141a378bff7b9c6e8161d4f3abab1259
    - path: assets/sports_topic_eval.jsonl
      md5: 8906f40530254fd59da9d6661235b05c
    - path: scripts/convert.py
      md5: 81a27c7679f32363bca9cbcd12a366d7
  outs:
    - path: corpus/train.spacy
      md5: 187b19ca43b815602f216e5b6eac291c
    - path: corpus/dev.spacy
      md5: 9da0c7f0da635c0524ba91c5e04c9af4
  spacy_version: 3.1.2
  spacy_git_version: e1f88de72
train:
  cmd: python -m spacy run train
  script:
    - python -m spacy train configs/config.cfg --output training/ --paths.train corpus/train.spacy
      --paths.dev corpus/dev.spacy --nlp.lang en --gpu-id -1
  deps:
    - path: configs/config.cfg
      md5: a816f3124515782349856290f1d7f384
    - path: corpus/train.spacy
      md5: 187b19ca43b815602f216e5b6eac291c
    - path: corpus/dev.spacy
      md5: 9da0c7f0da635c0524ba91c5e04c9af4
  outs:
    - path: training/model-best
      md5: b645864c29b769e7a892b0b36ffadeae
  spacy_version: 3.1.2
  spacy_git_version: e1f88de72
evaluate:
  cmd: python -m spacy run evaluate
  script:
    - python -m spacy evaluate training/model-best corpus/dev.spacy --output training/metrics.json
  deps:
    - path: corpus/dev.spacy
      md5: 9da0c7f0da635c0524ba91c5e04c9af4
    - path: training/model-best
      md5: b645864c29b769e7a892b0b36ffadeae
  outs:
    - path: training/metrics.json
      md5: 2185764b29859c0f557b0bb5e58538da
  spacy_version: 3.1.2
  spacy_git_version: e1f88de72
package:
  cmd: python -m spacy run package
  script:
    - python -m spacy package training/model-best packages --name sports_topic_model
      --version 0.0.0 --force
  deps:
    - path: training/model-best
      md5: 6645ed73ad4b4f9ad7c38ddbadef29db
  outs:
    - path: packages/en_sports_topic_model-0.0.0/dist/en_sports_topic_model-0.0.0.tar.gz
      md5: f671f543164d148e0ded58f4171dc5de
  spacy_version: 3.0.5
  spacy_git_version: 53a3b967a
